dependencies:
- name: db
  repository: file://../db
  version: 0.3.3
- name: webui
  repository: file://../webui
  version: 0.3.3
- name: nrf
  repository: file://../nrf
  version: 0.3.3
- name: ausf
  repository: file://../ausf
  version: 0.3.3
- name: bsf
  repository: file://../bsf
  version: 0.3.3
- name: nssf
  repository: file://../nssf
  version: 0.3.3
- name: pcf
  repository: file://../pcf
  version: 0.3.3
- name: udm
  repository: file://../udm
  version: 0.3.3
- name: udr
  repository: file://../udr
  version: 0.3.3
- name: amf
  repository: file://../amf
  version: 0.3.3
- name: smf
  repository: file://../smf
  version: 0.3.3
- name: upf
  repository: file://../upf
  version: 0.3.3
digest: sha256:9aef18f87a9222b2fd111163eccf7c1a807a826f8b8d550b595864b2c555457b
generated: "2025-06-02T15:38:11.935135903Z"
